version = 1
revision = 1
requires-python = ">=3.12"
resolution-markers = [
    "sys_platform == 'darwin'",
    "platform_machine == 'aarch64' and sys_platform == 'linux'",
    "(platform_machine != 'aarch64' and sys_platform == 'linux') or (sys_platform != 'darwin' and sys_platform != 'linux')",
]

[[package]]
name = "fitparse"
version = "1.2.0"
source = { registry = "https://pypi.org/simple" }
sdist = { url = "https://files.pythonhosted.org/packages/61/ed/5637fe96c56d55dfa6317ab16745f9a83ef2690d093cee8f0b59f983675f/fitparse-1.2.0.tar.gz", hash = "sha256:2d691022452dea6dabad13cc6e017ca467fe8a3a895cd3ac67a50a7bb716b4a9", size = 65716 }

[[package]]
name = "gpxvideo"
version = "0.1.0"
source = { virtual = "." }
dependencies = [
    { name = "fitparse" },
]

[package.metadata]
requires-dist = [{ name = "fitparse", specifier = ">=1.2.0" }]
